
Microsoft Visual Studio Solution File, Format Version 12.00
# Visual Studio Version 16
VisualStudioVersion = 16.0.29911.98
MinimumVisualStudioVersion = 10.0.40219.1
Project("{FAE04EC0-301F-11D3-BF4B-00C04F79EFBC}") = "TestApp", "TestApp\TestApp.csproj", "{1ECD6C80-BC34-4A62-9FC8-10EBE6024CD9}"
EndProject
Global
	GlobalSection(SolutionConfigurationPlatforms) = preSolution
		Debug|Any CPU = Debug|Any CPU
		Release|Any CPU = Release|Any CPU
	EndGlobalSection
	GlobalSection(ProjectConfigurationPlatforms) = postSolution
		{1ECD6C80-BC34-4A62-9FC8-10EBE6024CD9}.Debug|Any CPU.ActiveCfg = Debug|Any CPU
		{1ECD6C80-BC34-4A62-9FC8-10EBE6024CD9}.Debug|Any CPU.Build.0 = Debug|Any CPU
		{1ECD6C80-BC34-4A62-9FC8-10EBE6024CD9}.Release|Any CPU.ActiveCfg = Release|Any CPU
		{1ECD6C80-BC34-4A62-9FC8-10EBE6024CD9}.Release|Any CPU.Build.0 = Release|Any CPU
	EndGlobalSection
	GlobalSection(SolutionProperties) = preSolution
		HideSolutionNode = FALSE
	EndGlobalSection
	GlobalSection(ExtensibilityGlobals) = postSolution
		SolutionGuid = {310BB452-E4DF-49C8-98DE-C82ADEBDC90D}
	EndGlobalSection
EndGlobal
